
Microsoft Visual Studio Solution File, Format Version 12.00
# Visual Studio Version 17
VisualStudioVersion = 17.14.36930.0
MinimumVisualStudioVersion = 10.0.40219.1
Project("{FAE04EC0-301F-11D3-BF4B-00C04F79EFBC}") = "PluginManager", "PluginManager\PluginManager.csproj", "{F933E4BA-3B43-4B74-B4DA-114ECDB3E520}"
EndProject
Project("{FAE04EC0-301F-11D3-BF4B-00C04F79EFBC}") = "SamplePlugin", "SamplePlugin\SamplePlugin.csproj", "{3F54E4DF-07B0-9732-A2E4-147FC73E725D}"
EndProject
Project("{FAE04EC0-301F-11D3-BF4B-00C04F79EFBC}") = "PluginManager.Core", "PluginManager.Core\PluginManager.Core.csproj", "{477A090D-B3AE-F5D3-53F5-174EF2D017FB}"
EndProject
Project("{FAE04EC0-301F-11D3-BF4B-00C04F79EFBC}") = "PluginManagerTest", "PluginManagerTest\PluginManagerTest.csproj", "{E2BF04EA-A9D7-BE6C-CB14-C2DE8BBE68A1}"
EndProject
Project("{FAE04EC0-301F-11D3-BF4B-00C04F79EFBC}") = "SamplePluginApp", "SamplePluginApp\SamplePluginApp.csproj", "{34C3B6AD-25B1-47B5-A6E4-29D99F718C89}"
EndProject
Project("{2150E333-8FDC-42A3-9474-1A3956D46DE8}") = "ソリューション項目", "ソリューション項目", "{2022CB0F-8BAF-F49E-0C48-8EF4C96EC109}"
	ProjectSection(SolutionItems) = preProject
		.editorconfig = .editorconfig
		docs\advanced-guide.md = docs\advanced-guide.md
		docs\developer-guide.md = docs\developer-guide.md
		LICENSE = LICENSE
		README.md = README.md
	EndProjectSection
EndProject
Project("{FAE04EC0-301F-11D3-BF4B-00C04F79EFBC}") = "PluginHost", "PluginHost\PluginHost.csproj", "{B3D7FA0D-97C9-8B89-2A18-C441924AD022}"
EndProject
Project("{2150E333-8FDC-42A3-9474-1A3956D46DE8}") = "src", "src", "{A1B2C3D4-E5F6-7890-ABCD-EF1234567890}"
EndProject
Project("{2150E333-8FDC-42A3-9474-1A3956D46DE8}") = "samples", "samples", "{B2C3D4E5-F6A7-8901-BCDE-F12345678901}"
EndProject
Project("{2150E333-8FDC-42A3-9474-1A3956D46DE8}") = "tests", "tests", "{C3D4E5F6-A7B8-9012-CDEF-123456789012}"
EndProject
Project("{FAE04EC0-301F-11D3-BF4B-00C04F79EFBC}") = "PluginManager.Ipc", "PluginManager.Ipc\PluginManager.Ipc.csproj", "{2A19A5C2-557F-4EEB-9749-7689B38F078F}"
EndProject
Global
	GlobalSection(SolutionConfigurationPlatforms) = preSolution
		Debug|Any CPU = Debug|Any CPU
		Debug|x64 = Debug|x64
		Debug|x86 = Debug|x86
		Release|Any CPU = Release|Any CPU
		Release|x64 = Release|x64
		Release|x86 = Release|x86
	EndGlobalSection
	GlobalSection(ProjectConfigurationPlatforms) = postSolution
		{F933E4BA-3B43-4B74-B4DA-114ECDB3E520}.Debug|Any CPU.ActiveCfg = Debug|Any CPU
		{F933E4BA-3B43-4B74-B4DA-114ECDB3E520}.Debug|Any CPU.Build.0 = Debug|Any CPU
		{F933E4BA-3B43-4B74-B4DA-114ECDB3E520}.Debug|x64.ActiveCfg = Debug|Any CPU
		{F933E4BA-3B43-4B74-B4DA-114ECDB3E520}.Debug|x64.Build.0 = Debug|Any CPU
		{F933E4BA-3B43-4B74-B4DA-114ECDB3E520}.Debug|x86.ActiveCfg = Debug|Any CPU
		{F933E4BA-3B43-4B74-B4DA-114ECDB3E520}.Debug|x86.Build.0 = Debug|Any CPU
		{F933E4BA-3B43-4B74-B4DA-114ECDB3E520}.Release|Any CPU.ActiveCfg = Release|Any CPU
		{F933E4BA-3B43-4B74-B4DA-114ECDB3E520}.Release|Any CPU.Build.0 = Release|Any CPU
		{F933E4BA-3B43-4B74-B4DA-114ECDB3E520}.Release|x64.ActiveCfg = Release|Any CPU
		{F933E4BA-3B43-4B74-B4DA-114ECDB3E520}.Release|x64.Build.0 = Release|Any CPU
		{F933E4BA-3B43-4B74-B4DA-114ECDB3E520}.Release|x86.ActiveCfg = Release|Any CPU
		{F933E4BA-3B43-4B74-B4DA-114ECDB3E520}.Release|x86.Build.0 = Release|Any CPU
		{3F54E4DF-07B0-9732-A2E4-147FC73E725D}.Debug|Any CPU.ActiveCfg = Debug|Any CPU
		{3F54E4DF-07B0-9732-A2E4-147FC73E725D}.Debug|Any CPU.Build.0 = Debug|Any CPU
		{3F54E4DF-07B0-9732-A2E4-147FC73E725D}.Debug|x64.ActiveCfg = Debug|Any CPU
		{3F54E4DF-07B0-9732-A2E4-147FC73E725D}.Debug|x64.Build.0 = Debug|Any CPU
		{3F54E4DF-07B0-9732-A2E4-147FC73E725D}.Debug|x86.ActiveCfg = Debug|Any CPU
		{3F54E4DF-07B0-9732-A2E4-147FC73E725D}.Debug|x86.Build.0 = Debug|Any CPU
		{3F54E4DF-07B0-9732-A2E4-147FC73E725D}.Release|Any CPU.ActiveCfg = Release|Any CPU
		{3F54E4DF-07B0-9732-A2E4-147FC73E725D}.Release|Any CPU.Build.0 = Release|Any CPU
		{3F54E4DF-07B0-9732-A2E4-147FC73E725D}.Release|x64.ActiveCfg = Release|Any CPU
		{3F54E4DF-07B0-9732-A2E4-147FC73E725D}.Release|x64.Build.0 = Release|Any CPU
		{3F54E4DF-07B0-9732-A2E4-147FC73E725D}.Release|x86.ActiveCfg = Release|Any CPU
		{3F54E4DF-07B0-9732-A2E4-147FC73E725D}.Release|x86.Build.0 = Release|Any CPU
		{477A090D-B3AE-F5D3-53F5-174EF2D017FB}.Debug|Any CPU.ActiveCfg = Debug|Any CPU
		{477A090D-B3AE-F5D3-53F5-174EF2D017FB}.Debug|Any CPU.Build.0 = Debug|Any CPU
		{477A090D-B3AE-F5D3-53F5-174EF2D017FB}.Debug|x64.ActiveCfg = Debug|Any CPU
		{477A090D-B3AE-F5D3-53F5-174EF2D017FB}.Debug|x64.Build.0 = Debug|Any CPU
		{477A090D-B3AE-F5D3-53F5-174EF2D017FB}.Debug|x86.ActiveCfg = Debug|Any CPU
		{477A090D-B3AE-F5D3-53F5-174EF2D017FB}.Debug|x86.Build.0 = Debug|Any CPU
		{477A090D-B3AE-F5D3-53F5-174EF2D017FB}.Release|Any CPU.ActiveCfg = Release|Any CPU
		{477A090D-B3AE-F5D3-53F5-174EF2D017FB}.Release|Any CPU.Build.0 = Release|Any CPU
		{477A090D-B3AE-F5D3-53F5-174EF2D017FB}.Release|x64.ActiveCfg = Release|Any CPU
		{477A090D-B3AE-F5D3-53F5-174EF2D017FB}.Release|x64.Build.0 = Release|Any CPU
		{477A090D-B3AE-F5D3-53F5-174EF2D017FB}.Release|x86.ActiveCfg = Release|Any CPU
		{477A090D-B3AE-F5D3-53F5-174EF2D017FB}.Release|x86.Build.0 = Release|Any CPU
		{E2BF04EA-A9D7-BE6C-CB14-C2DE8BBE68A1}.Debug|Any CPU.ActiveCfg = Debug|Any CPU
		{E2BF04EA-A9D7-BE6C-CB14-C2DE8BBE68A1}.Debug|Any CPU.Build.0 = Debug|Any CPU
		{E2BF04EA-A9D7-BE6C-CB14-C2DE8BBE68A1}.Debug|x64.ActiveCfg = Debug|Any CPU
		{E2BF04EA-A9D7-BE6C-CB14-C2DE8BBE68A1}.Debug|x64.Build.0 = Debug|Any CPU
		{E2BF04EA-A9D7-BE6C-CB14-C2DE8BBE68A1}.Debug|x86.ActiveCfg = Debug|Any CPU
		{E2BF04EA-A9D7-BE6C-CB14-C2DE8BBE68A1}.Debug|x86.Build.0 = Debug|Any CPU
		{E2BF04EA-A9D7-BE6C-CB14-C2DE8BBE68A1}.Release|Any CPU.ActiveCfg = Release|Any CPU
		{E2BF04EA-A9D7-BE6C-CB14-C2DE8BBE68A1}.Release|Any CPU.Build.0 = Release|Any CPU
		{E2BF04EA-A9D7-BE6C-CB14-C2DE8BBE68A1}.Release|x64.ActiveCfg = Release|Any CPU
		{E2BF04EA-A9D7-BE6C-CB14-C2DE8BBE68A1}.Release|x64.Build.0 = Release|Any CPU
		{E2BF04EA-A9D7-BE6C-CB14-C2DE8BBE68A1}.Release|x86.ActiveCfg = Release|Any CPU
		{E2BF04EA-A9D7-BE6C-CB14-C2DE8BBE68A1}.Release|x86.Build.0 = Release|Any CPU
		{34C3B6AD-25B1-47B5-A6E4-29D99F718C89}.Debug|Any CPU.ActiveCfg = Debug|Any CPU
		{34C3B6AD-25B1-47B5-A6E4-29D99F718C89}.Debug|Any CPU.Build.0 = Debug|Any CPU
		{34C3B6AD-25B1-47B5-A6E4-29D99F718C89}.Debug|x64.ActiveCfg = Debug|Any CPU
		{34C3B6AD-25B1-47B5-A6E4-29D99F718C89}.Debug|x64.Build.0 = Debug|Any CPU
		{34C3B6AD-25B1-47B5-A6E4-29D99F718C89}.Debug|x86.ActiveCfg = Debug|Any CPU
		{34C3B6AD-25B1-47B5-A6E4-29D99F718C89}.Debug|x86.Build.0 = Debug|Any CPU
		{34C3B6AD-25B1-47B5-A6E4-29D99F718C89}.Release|Any CPU.ActiveCfg = Release|Any CPU
		{34C3B6AD-25B1-47B5-A6E4-29D99F718C89}.Release|Any CPU.Build.0 = Release|Any CPU
		{34C3B6AD-25B1-47B5-A6E4-29D99F718C89}.Release|x64.ActiveCfg = Release|Any CPU
		{34C3B6AD-25B1-47B5-A6E4-29D99F718C89}.Release|x64.Build.0 = Release|Any CPU
		{34C3B6AD-25B1-47B5-A6E4-29D99F718C89}.Release|x86.ActiveCfg = Release|Any CPU
		{34C3B6AD-25B1-47B5-A6E4-29D99F718C89}.Release|x86.Build.0 = Release|Any CPU
		{B3D7FA0D-97C9-8B89-2A18-C441924AD022}.Debug|Any CPU.ActiveCfg = Debug|Any CPU
		{B3D7FA0D-97C9-8B89-2A18-C441924AD022}.Debug|Any CPU.Build.0 = Debug|Any CPU
		{B3D7FA0D-97C9-8B89-2A18-C441924AD022}.Debug|x64.ActiveCfg = Debug|Any CPU
		{B3D7FA0D-97C9-8B89-2A18-C441924AD022}.Debug|x64.Build.0 = Debug|Any CPU
		{B3D7FA0D-97C9-8B89-2A18-C441924AD022}.Debug|x86.ActiveCfg = Debug|Any CPU
		{B3D7FA0D-97C9-8B89-2A18-C441924AD022}.Debug|x86.Build.0 = Debug|Any CPU
		{B3D7FA0D-97C9-8B89-2A18-C441924AD022}.Release|Any CPU.ActiveCfg = Release|Any CPU
		{B3D7FA0D-97C9-8B89-2A18-C441924AD022}.Release|Any CPU.Build.0 = Release|Any CPU
		{B3D7FA0D-97C9-8B89-2A18-C441924AD022}.Release|x64.ActiveCfg = Release|Any CPU
		{B3D7FA0D-97C9-8B89-2A18-C441924AD022}.Release|x64.Build.0 = Release|Any CPU
		{B3D7FA0D-97C9-8B89-2A18-C441924AD022}.Release|x86.ActiveCfg = Release|Any CPU
		{B3D7FA0D-97C9-8B89-2A18-C441924AD022}.Release|x86.Build.0 = Release|Any CPU
		{2A19A5C2-557F-4EEB-9749-7689B38F078F}.Debug|Any CPU.ActiveCfg = Debug|Any CPU
		{2A19A5C2-557F-4EEB-9749-7689B38F078F}.Debug|Any CPU.Build.0 = Debug|Any CPU
		{2A19A5C2-557F-4EEB-9749-7689B38F078F}.Debug|x64.ActiveCfg = Debug|Any CPU
		{2A19A5C2-557F-4EEB-9749-7689B38F078F}.Debug|x64.Build.0 = Debug|Any CPU
		{2A19A5C2-557F-4EEB-9749-7689B38F078F}.Debug|x86.ActiveCfg = Debug|Any CPU
		{2A19A5C2-557F-4EEB-9749-7689B38F078F}.Debug|x86.Build.0 = Debug|Any CPU
		{2A19A5C2-557F-4EEB-9749-7689B38F078F}.Release|Any CPU.ActiveCfg = Release|Any CPU
		{2A19A5C2-557F-4EEB-9749-7689B38F078F}.Release|Any CPU.Build.0 = Release|Any CPU
		{2A19A5C2-557F-4EEB-9749-7689B38F078F}.Release|x64.ActiveCfg = Release|Any CPU
		{2A19A5C2-557F-4EEB-9749-7689B38F078F}.Release|x64.Build.0 = Release|Any CPU
		{2A19A5C2-557F-4EEB-9749-7689B38F078F}.Release|x86.ActiveCfg = Release|Any CPU
		{2A19A5C2-557F-4EEB-9749-7689B38F078F}.Release|x86.Build.0 = Release|Any CPU
	EndGlobalSection
	GlobalSection(SolutionProperties) = preSolution
		HideSolutionNode = FALSE
	EndGlobalSection
	GlobalSection(NestedProjects) = preSolution
		{F933E4BA-3B43-4B74-B4DA-114ECDB3E520} = {A1B2C3D4-E5F6-7890-ABCD-EF1234567890}
		{3F54E4DF-07B0-9732-A2E4-147FC73E725D} = {B2C3D4E5-F6A7-8901-BCDE-F12345678901}
		{477A090D-B3AE-F5D3-53F5-174EF2D017FB} = {A1B2C3D4-E5F6-7890-ABCD-EF1234567890}
		{E2BF04EA-A9D7-BE6C-CB14-C2DE8BBE68A1} = {C3D4E5F6-A7B8-9012-CDEF-123456789012}
		{34C3B6AD-25B1-47B5-A6E4-29D99F718C89} = {B2C3D4E5-F6A7-8901-BCDE-F12345678901}
		{B3D7FA0D-97C9-8B89-2A18-C441924AD022} = {A1B2C3D4-E5F6-7890-ABCD-EF1234567890}
		{2A19A5C2-557F-4EEB-9749-7689B38F078F} = {A1B2C3D4-E5F6-7890-ABCD-EF1234567890}
	EndGlobalSection
	GlobalSection(ExtensibilityGlobals) = postSolution
		SolutionGuid = {2A689B5E-F5BA-4789-A714-9BAC19377188}
	EndGlobalSection
EndGlobal
